
Microsoft Visual Studio Solution File, Format Version 12.00
# Visual Studio Version 16
VisualStudioVersion = 16.0.30804.86
MinimumVisualStudioVersion = 10.0.40219.1
Project("{FAE04EC0-301F-11D3-BF4B-00C04F79EFBC}") = "SymmetryEncoder", "SymmetryEncoder.csproj", "{D3C404CD-0028-4511-A877-9434D84D0E50}"
EndProject
Global
	GlobalSection(SolutionConfigurationPlatforms) = preSolution
		Debug|Any CPU = Debug|Any CPU
		Release|Any CPU = Release|Any CPU
	EndGlobalSection
	GlobalSection(ProjectConfigurationPlatforms) = postSolution
		{D3C404CD-0028-4511-A877-9434D84D0E50}.Debug|Any CPU.ActiveCfg = Debug|Any CPU
		{D3C404CD-0028-4511-A877-9434D84D0E50}.Debug|Any CPU.Build.0 = Debug|Any CPU
		{D3C404CD-0028-4511-A877-9434D84D0E50}.Release|Any CPU.ActiveCfg = Release|Any CPU
		{D3C404CD-0028-4511-A877-9434D84D0E50}.Release|Any CPU.Build.0 = Release|Any CPU
	EndGlobalSection
	GlobalSection(SolutionProperties) = preSolution
		HideSolutionNode = FALSE
	EndGlobalSection
	GlobalSection(ExtensibilityGlobals) = postSolution
		SolutionGuid = {D33C9280-1416-44DE-BFA6-5A5CCE39B0BB}
	EndGlobalSection
EndGlobal
